
Microsoft Visual Studio Solution File, Format Version 12.00
# Visual Studio Version 16
VisualStudioVersion = 16.0.29001.49
MinimumVisualStudioVersion = 10.0.40219.1
Project("{FAE04EC0-301F-11D3-BF4B-00C04F79EFBC}") = "Move picture", "Move picture\Move picture.csproj", "{AC1D9526-BA2B-4310-A944-723668F77D66}"
EndProject
Global
	GlobalSection(SolutionConfigurationPlatforms) = preSolution
		Debug|Any CPU = Debug|Any CPU
		Release|Any CPU = Release|Any CPU
	EndGlobalSection
	GlobalSection(ProjectConfigurationPlatforms) = postSolution
		{AC1D9526-BA2B-4310-A944-723668F77D66}.Debug|Any CPU.ActiveCfg = Debug|Any CPU
		{AC1D9526-BA2B-4310-A944-723668F77D66}.Debug|Any CPU.Build.0 = Debug|Any CPU
		{AC1D9526-BA2B-4310-A944-723668F77D66}.Release|Any CPU.ActiveCfg = Release|Any CPU
		{AC1D9526-BA2B-4310-A944-723668F77D66}.Release|Any CPU.Build.0 = Release|Any CPU
	EndGlobalSection
	GlobalSection(SolutionProperties) = preSolution
		HideSolutionNode = FALSE
	EndGlobalSection
	GlobalSection(ExtensibilityGlobals) = postSolution
		SolutionGuid = {75D338D1-C69C-449B-A6CA-0C2E079E3406}
	EndGlobalSection
EndGlobal
